
Microsoft Visual Studio Solution File, Format Version 12.00
# Visual Studio 15
VisualStudioVersion = 15.0.26430.14
MinimumVisualStudioVersion = 10.0.40219.1
Project("{9A19103F-16F7-4668-BE54-9A1E7A4F7556}") = "tokenJWT", "tokenJWT\tokenJWT.csproj", "{57D94BAB-53B5-46EE-9081-2D287911AC62}"
EndProject
Project("{E53339B2-1760-4266-BCC7-CA923CBCF16C}") = "docker-compose", "docker-compose.dcproj", "{CBDA4D41-6F33-4929-94EB-4C55C4D20361}"
EndProject
Project("{FAE04EC0-301F-11D3-BF4B-00C04F79EFBC}") = "Fanlihang.Auth", "..\Fanlihang.Token\Fanlihang.Auth.csproj", "{F0C47D66-67F9-4AEF-B678-9344853F7F8D}"
EndProject
Project("{FAE04EC0-301F-11D3-BF4B-00C04F79EFBC}") = "Mange", "Mange\Mange.csproj", "{6C4F6FCD-327D-445F-A80E-4BDA30B50B56}"
EndProject
Global
	GlobalSection(SolutionConfigurationPlatforms) = preSolution
		Debug|Any CPU = Debug|Any CPU
		Release|Any CPU = Release|Any CPU
	EndGlobalSection
	GlobalSection(ProjectConfigurationPlatforms) = postSolution
		{57D94BAB-53B5-46EE-9081-2D287911AC62}.Debug|Any CPU.ActiveCfg = Debug|Any CPU
		{57D94BAB-53B5-46EE-9081-2D287911AC62}.Debug|Any CPU.Build.0 = Debug|Any CPU
		{57D94BAB-53B5-46EE-9081-2D287911AC62}.Release|Any CPU.ActiveCfg = Release|Any CPU
		{57D94BAB-53B5-46EE-9081-2D287911AC62}.Release|Any CPU.Build.0 = Release|Any CPU
		{CBDA4D41-6F33-4929-94EB-4C55C4D20361}.Debug|Any CPU.ActiveCfg = Debug|Any CPU
		{CBDA4D41-6F33-4929-94EB-4C55C4D20361}.Debug|Any CPU.Build.0 = Debug|Any CPU
		{CBDA4D41-6F33-4929-94EB-4C55C4D20361}.Release|Any CPU.ActiveCfg = Release|Any CPU
		{CBDA4D41-6F33-4929-94EB-4C55C4D20361}.Release|Any CPU.Build.0 = Release|Any CPU
		{F0C47D66-67F9-4AEF-B678-9344853F7F8D}.Debug|Any CPU.ActiveCfg = Debug|Any CPU
		{F0C47D66-67F9-4AEF-B678-9344853F7F8D}.Debug|Any CPU.Build.0 = Debug|Any CPU
		{F0C47D66-67F9-4AEF-B678-9344853F7F8D}.Release|Any CPU.ActiveCfg = Release|Any CPU
		{F0C47D66-67F9-4AEF-B678-9344853F7F8D}.Release|Any CPU.Build.0 = Release|Any CPU
		{6C4F6FCD-327D-445F-A80E-4BDA30B50B56}.Debug|Any CPU.ActiveCfg = Debug|Any CPU
		{6C4F6FCD-327D-445F-A80E-4BDA30B50B56}.Debug|Any CPU.Build.0 = Debug|Any CPU
		{6C4F6FCD-327D-445F-A80E-4BDA30B50B56}.Release|Any CPU.ActiveCfg = Release|Any CPU
		{6C4F6FCD-327D-445F-A80E-4BDA30B50B56}.Release|Any CPU.Build.0 = Release|Any CPU
	EndGlobalSection
	GlobalSection(SolutionProperties) = preSolution
		HideSolutionNode = FALSE
	EndGlobalSection
EndGlobal
